# This file is automatically @generated by Poetry 2.1.3 and should not be changed by hand.

[[package]]
name = "dmgbuild"
version = "1.6.5"
description = "macOS command line utility to build disk images"
optional = false
python-versions = ">=3.9"
groups = ["main"]
files = [
    {file = "dmgbuild-1.6.5-py3-none-any.whl", hash = "sha256:e19ab8c5e8238e6455d9ccb9175817be7fd62b9cdd1eef20f63dd88e0ec469ab"},
    {file = "dmgbuild-1.6.5.tar.gz", hash = "sha256:c5cbeec574bad84a324348aa7c36d4aada04568c99fb104dec18d22ba3259f45"},
]

[package.dependencies]
ds_store = ">=1.1.0"
mac_alias = ">=2.0.1"

[package.extras]
dev = ["coverage (==7.7.0)", "pre-commit (==4.1.0)", "pytest (==8.3.5)", "tox (==4.24.2)"]
docs = ["furo (==2024.8.6)", "sphinx (==8.2.3)", "sphinx-autobuild (==2024.10.3)"]

[[package]]
name = "ds-store"
version = "1.3.1"
description = "Manipulate Finder .DS_Store files from Python"
optional = false
python-versions = ">=3.7"
groups = ["main"]
files = [
    {file = "ds_store-1.3.1-py3-none-any.whl", hash = "sha256:fbacbb0bd5193ab3e66e5a47fff63619f15e374ffbec8ae29744251a6c8f05b5"},
    {file = "ds_store-1.3.1.tar.gz", hash = "sha256:c27d413caf13c19acb85d75da4752673f1f38267f9eb6ba81b3b5aa99c2d207c"},
]

[package.dependencies]
mac-alias = ">=2.0.1"

[package.extras]
dev = ["pre-commit", "tox"]
docs = ["sphinx", "sphinx-autobuild", "sphinx-rtd-theme"]
test = ["pytest", "pytest-cov", "pytest-tldr"]

[[package]]
name = "mac-alias"
version = "2.2.2"
description = "Generate/parse Mac OS Alias records from Python"
optional = false
python-versions = ">=3.7"
groups = ["main"]
files = [
    {file = "mac_alias-2.2.2-py3-none-any.whl", hash = "sha256:504ab8ac546f35bbd75ad014d6ad977c426660aa721f2cd3acf3dc2f664141bd"},
    {file = "mac_alias-2.2.2.tar.gz", hash = "sha256:c99c728eb512e955c11f1a6203a0ffa8883b26549e8afe68804031aa5da856b7"},
]

[package.extras]
dev = ["pre-commit", "tox"]
docs = ["sphinx", "sphinx-autobuild", "sphinx-rtd-theme"]
test = ["pytest", "pytest-cov", "pytest-tldr"]

[metadata]
lock-version = "2.1"
python-versions = ">=3.12"
content-hash = "11a9cffb14fe9ab09d0042d74ebc8b427e539dd8e9bf8c968829d700748a6151"
